// !$*UTF8*$!
{
	archiveVersion = 1;
	classes = {
	};
	objectVersion = 56;
	objects = {

/* Begin PBXBuildFile section */
		7C54F6AD2A9486CE0059774D /* AppDelegate.swift in Sources */ = {isa = PBXBuildFile; fileRef = 7C54F6AC2A9486CE0059774D /* AppDelegate.swift */; };
		7C54F6AF2A9486CE0059774D /* SceneDelegate.swift in Sources */ = {isa = PBXBuildFile; fileRef = 7C54F6AE2A9486CE0059774D /* SceneDelegate.swift */; };
		7C54F6B12A9486CE0059774D /* ViewController.swift in Sources */ = {isa = PBXBuildFile; fileRef = 7C54F6B02A9486CE0059774D /* ViewController.swift */; };
		7C54F6B42A9486CE0059774D /* Main.storyboard in Resources */ = {isa = PBXBuildFile; fileRef = 7C54F6B22A9486CE0059774D /* Main.storyboard */; };
		7C54F6B62A9486D00059774D /* Assets.xcassets in Resources */ = {isa = PBXBuildFile; fileRef = 7C54F6B52A9486D00059774D /* Assets.xcassets */; };
		7C54F6B92A9486D00059774D /* LaunchScreen.storyboard in Resources */ = {isa = PBXBuildFile; fileRef = 7C54F6B72A9486D00059774D /* LaunchScreen.storyboard */; };
		7C54F6C42A9486D00059774D /* bluetoothTests.swift in Sources */ = {isa = PBXBuildFile; fileRef = 7C54F6C32A9486D00059774D /* bluetoothTests.swift */; };
		7C54F6CE2A9486D00059774D /* bluetoothUITests.swift in Sources */ = {isa = PBXBuildFile; fileRef = 7C54F6CD2A9486D00059774D /* bluetoothUITests.swift */; };
		7C54F6D02A9486D00059774D /* bluetoothUITestsLaunchTests.swift in Sources */ = {isa = PBXBuildFile; fileRef = 7C54F6CF2A9486D00059774D /* bluetoothUITestsLaunchTests.swift */; };
/* End PBXBuildFile section */

/* Begin PBXContainerItemProxy section */
		7C54F6C02A9486D00059774D /* PBXContainerItemProxy */ = {
			isa = PBXContainerItemProxy;
			containerPortal = 7C54F6A12A9486CE0059774D /* Project object */;
			proxyType = 1;
			remoteGlobalIDString = 7C54F6A82A9486CE0059774D;
			remoteInfo = bluetooth;
		};
		7C54F6CA2A9486D00059774D /* PBXContainerItemProxy */ = {
			isa = PBXContainerItemProxy;
			containerPortal = 7C54F6A12A9486CE0059774D /* Project object */;
			proxyType = 1;
			remoteGlobalIDString = 7C54F6A82A9486CE0059774D;
			remoteInfo = bluetooth;
		};
/* End PBXContainerItemProxy section */

/* Begin PBXFileReference section */
		7C54F6A92A9486CE0059774D /* bluetooth.app */ = {isa = PBXFileReference; explicitFileType = wrapper.application; includeInIndex = 0; path = bluetooth.app; sourceTree = BUILT_PRODUCTS_DIR; };
		7C54F6AC2A9486CE0059774D /* AppDelegate.swift */ = {isa = PBXFileReference; lastKnownFileType = sourcecode.swift; path = AppDelegate.swift; sourceTree = "<group>"; };
		7C54F6AE2A9486CE0059774D /* SceneDelegate.swift */ = {isa = PBXFileReference; lastKnownFileType = sourcecode.swift; path = SceneDelegate.swift; sourceTree = "<group>"; };
		7C54F6B02A9486CE0059774D /* ViewController.swift */ = {isa = PBXFileReference; lastKnownFileType = sourcecode.swift; path = ViewController.swift; sourceTree = "<group>"; };
		7C54F6B32A9486CE0059774D /* Base */ = {isa = PBXFileReference; lastKnownFileType = file.storyboard; name = Base; path = Base.lproj/Main.storyboard; sourceTree = "<group>"; };
		7C54F6B52A9486D00059774D /* Assets.xcassets */ = {isa = PBXFileReference; lastKnownFileType = folder.assetcatalog; path = Assets.xcassets; sourceTree = "<group>"; };
		7C54F6B82A9486D00059774D /* Base */ = {isa = PBXFileReference; lastKnownFileType = file.storyboard; name = Base; path = Base.lproj/LaunchScreen.storyboard; sourceTree = "<group>"; };
		7C54F6BA2A9486D00059774D /* Info.plist */ = {isa = PBXFileReference; lastKnownFileType = text.plist.xml; path = Info.plist; sourceTree = "<group>"; };
		7C54F6BF2A9486D00059774D /* bluetoothTests.xctest */ = {isa = PBXFileReference; explicitFileType = wrapper.cfbundle; includeInIndex = 0; path = bluetoothTests.xctest; sourceTree = BUILT_PRODUCTS_DIR; };
		7C54F6C32A9486D00059774D /* bluetoothTests.swift */ = {isa = PBXFileReference; lastKnownFileType = sourcecode.swift; path = bluetoothTests.swift; sourceTree = "<group>"; };
		7C54F6C92A9486D00059774D /* bluetoothUITests.xctest */ = {isa = PBXFileReference; explicitFileType = wrapper.cfbundle; includeInIndex = 0; path = bluetoothUITests.xctest; sourceTree = BUILT_PRODUCTS_DIR; };
		7C54F6CD2A9486D00059774D /* bluetoothUITests.swift */ = {isa = PBXFileReference; lastKnownFileType = sourcecode.swift; path = bluetoothUITests.swift; sourceTree = "<group>"; };
		7C54F6CF2A9486D00059774D /* bluetoothUITestsLaunchTests.swift */ = {isa = PBXFileReference; lastKnownFileType = sourcecode.swift; path = bluetoothUITestsLaunchTests.swift; sourceTree = "<group>"; };
/* End PBXFileReference section */

/* Begin PBXFrameworksBuildPhase section */
		7C54F6A62A9486CE0059774D /* Frameworks */ = {
			isa = PBXFrameworksBuildPhase;
			buildActionMask = 2147483647;
			files = (
			);
			runOnlyForDeploymentPostprocessing = 0;
		};
		7C54F6BC2A9486D00059774D /* Frameworks */ = {
			isa = PBXFrameworksBuildPhase;
			buildActionMask = 2147483647;
			files = (
			);
			runOnlyForDeploymentPostprocessing = 0;
		};
		7C54F6C62A9486D00059774D /* Frameworks */ = {
			isa = PBXFrameworksBuildPhase;
			buildActionMask = 2147483647;
			files = (
			);
			runOnlyForDeploymentPostprocessing = 0;
		};
/* End PBXFrameworksBuildPhase section */

/* Begin PBXGroup section */
		7C54F6A02A9486CE0059774D = {
			isa = PBXGroup;
			children = (
				7C54F6AB2A9486CE0059774D /* bluetooth */,
				7C54F6C22A9486D00059774D /* bluetoothTests */,
				7C54F6CC2A9486D00059774D /* bluetoothUITests */,
				7C54F6AA2A9486CE0059774D /* Products */,
			);
			sourceTree = "<group>";
		};
		7C54F6AA2A9486CE0059774D /* Products */ = {
			isa = PBXGroup;
			children = (
				7C54F6A92A9486CE0059774D /* bluetooth.app */,
				7C54F6BF2A9486D00059774D /* bluetoothTests.xctest */,
				7C54F6C92A9486D00059774D /* bluetoothUITests.xctest */,
			);
			name = Products;
			sourceTree = "<group>";
		};
		7C54F6AB2A9486CE0059774D /* bluetooth */ = {
			isa = PBXGroup;
			children = (
				7C54F6AC2A9486CE0059774D /* AppDelegate.swift */,
				7C54F6AE2A9486CE0059774D /* SceneDelegate.swift */,
				7C54F6B02A9486CE0059774D /* ViewController.swift */,
				7C54F6B22A9486CE0059774D /* Main.storyboard */,
				7C54F6B52A9486D00059774D /* Assets.xcassets */,
				7C54F6B72A9486D00059774D /* LaunchScreen.storyboard */,
				7C54F6BA2A9486D00059774D /* Info.plist */,
			);
			path = bluetooth;
			sourceTree = "<group>";
		};
		7C54F6C22A9486D00059774D /* bluetoothTests */ = {
			isa = PBXGroup;
			children = (
				7C54F6C32A9486D00059774D /* bluetoothTests.swift */,
			);
			path = bluetoothTests;
			sourceTree = "<group>";
		};
		7C54F6CC2A9486D00059774D /* bluetoothUITests */ = {
			isa = PBXGroup;
			children = (
				7C54F6CD2A9486D00059774D /* bluetoothUITests.swift */,
				7C54F6CF2A9486D00059774D /* bluetoothUITestsLaunchTests.swift */,
			);
			path = bluetoothUITests;
			sourceTree = "<group>";
		};
/* End PBXGroup section */

/* Begin PBXNativeTarget section */
		7C54F6A82A9486CE0059774D /* bluetooth */ = {
			isa = PBXNativeTarget;
			buildConfigurationList = 7C54F6D32A9486D00059774D /* Build configuration list for PBXNativeTarget "bluetooth" */;
			buildPhases = (
				7C54F6A52A9486CE0059774D /* Sources */,
				7C54F6A62A9486CE0059774D /* Frameworks */,
				7C54F6A72A9486CE0059774D /* Resources */,
			);
			buildRules = (
			);
			dependencies = (
			);
			name = bluetooth;
			productName = bluetooth;
			productReference = 7C54F6A92A9486CE0059774D /* bluetooth.app */;
			productType = "com.apple.product-type.application";
		};
		7C54F6BE2A9486D00059774D /* bluetoothTests */ = {
			isa = PBXNativeTarget;
			buildConfigurationList = 7C54F6D62A9486D00059774D /* Build configuration list for PBXNativeTarget "bluetoothTests" */;
			buildPhases = (
				7C54F6BB2A9486D00059774D /* Sources */,
				7C54F6BC2A9486D00059774D /* Frameworks */,
				7C54F6BD2A9486D00059774D /* Resources */,
			);
			buildRules = (
			);
			dependencies = (
				7C54F6C12A9486D00059774D /* PBXTargetDependency */,
			);
			name = bluetoothTests;
			productName = bluetoothTests;
			productReference = 7C54F6BF2A9486D00059774D /* bluetoothTests.xctest */;
			productType = "com.apple.product-type.bundle.unit-test";
		};
		7C54F6C82A9486D00059774D /* bluetoothUITests */ = {
			isa = PBXNativeTarget;
			buildConfigurationList = 7C54F6D92A9486D00059774D /* Build configuration list for PBXNativeTarget "bluetoothUITests" */;
			buildPhases = (
				7C54F6C52A9486D00059774D /* Sources */,
				7C54F6C62A9486D00059774D /* Frameworks */,
				7C54F6C72A9486D00059774D /* Resources */,
			);
			buildRules = (
			);
			dependencies = (
				7C54F6CB2A9486D00059774D /* PBXTargetDependency */,
			);
			name = bluetoothUITests;
			productName = bluetoothUITests;
			productReference = 7C54F6C92A9486D00059774D /* bluetoothUITests.xctest */;
			productType = "com.apple.product-type.bundle.ui-testing";
		};
/* End PBXNativeTarget section */

/* Begin PBXProject section */
		7C54F6A12A9486CE0059774D /* Project object */ = {
			isa = PBXProject;
			attributes = {
				BuildIndependentTargetsInParallel = 1;
				LastSwiftUpdateCheck = 1430;
				LastUpgradeCheck = 1430;
				TargetAttributes = {
					7C54F6A82A9486CE0059774D = {
						CreatedOnToolsVersion = 14.3.1;
					};
					7C54F6BE2A9486D00059774D = {
						CreatedOnToolsVersion = 14.3.1;
						TestTargetID = 7C54F6A82A9486CE0059774D;
					};
					7C54F6C82A9486D00059774D = {
						CreatedOnToolsVersion = 14.3.1;
						TestTargetID = 7C54F6A82A9486CE0059774D;
					};
				};
			};
			buildConfigurationList = 7C54F6A42A9486CE0059774D /* Build configuration list for PBXProject "bluetooth" */;
			compatibilityVersion = "Xcode 14.0";
			developmentRegion = en;
			hasScannedForEncodings = 0;
			knownRegions = (
				en,
				Base,
			);
			mainGroup = 7C54F6A02A9486CE0059774D;
			productRefGroup = 7C54F6AA2A9486CE0059774D /* Products */;
			projectDirPath = "";
			projectRoot = "";
			targets = (
				7C54F6A82A9486CE0059774D /* bluetooth */,
				7C54F6BE2A9486D00059774D /* bluetoothTests */,
				7C54F6C82A9486D00059774D /* bluetoothUITests */,
			);
		};
/* End PBXProject section */

/* Begin PBXResourcesBuildPhase section */
		7C54F6A72A9486CE0059774D /* Resources */ = {
			isa = PBXResourcesBuildPhase;
			buildActionMask = 2147483647;
			files = (
				7C54F6B92A9486D00059774D /* LaunchScreen.storyboard in Resources */,
				7C54F6B62A9486D00059774D /* Assets.xcassets in Resources */,
				7C54F6B42A9486CE0059774D /* Main.storyboard in Resources */,
			);
			runOnlyForDeploymentPostprocessing = 0;
		};
		7C54F6BD2A9486D00059774D /* Resources */ = {
			isa = PBXResourcesBuildPhase;
			buildActionMask = 2147483647;
			files = (
			);
			runOnlyForDeploymentPostprocessing = 0;
		};
		7C54F6C72A9486D00059774D /* Resources */ = {
			isa = PBXResourcesBuildPhase;
			buildActionMask = 2147483647;
			files = (
			);
			runOnlyForDeploymentPostprocessing = 0;
		};
/* End PBXResourcesBuildPhase section */

/* Begin PBXSourcesBuildPhase section */
		7C54F6A52A9486CE0059774D /* Sources */ = {
			isa = PBXSourcesBuildPhase;
			buildActionMask = 2147483647;
			files = (
				7C54F6B12A9486CE0059774D /* ViewController.swift in Sources */,
				7C54F6AD2A9486CE0059774D /* AppDelegate.swift in Sources */,
				7C54F6AF2A9486CE0059774D /* SceneDelegate.swift in Sources */,
			);
			runOnlyForDeploymentPostprocessing = 0;
		};
		7C54F6BB2A9486D00059774D /* Sources */ = {
			isa = PBXSourcesBuildPhase;
			buildActionMask = 2147483647;
			files = (
				7C54F6C42A9486D00059774D /* bluetoothTests.swift in Sources */,
			);
			runOnlyForDeploymentPostprocessing = 0;
		};
		7C54F6C52A9486D00059774D /* Sources */ = {
			isa = PBXSourcesBuildPhase;
			buildActionMask = 2147483647;
			files = (
				7C54F6CE2A9486D00059774D /* bluetoothUITests.swift in Sources */,
				7C54F6D02A9486D00059774D /* bluetoothUITestsLaunchTests.swift in Sources */,
			);
			runOnlyForDeploymentPostprocessing = 0;
		};
/* End PBXSourcesBuildPhase section */

/* Begin PBXTargetDependency section */
		7C54F6C12A9486D00059774D /* PBXTargetDependency */ = {
			isa = PBXTargetDependency;
			target = 7C54F6A82A9486CE0059774D /* bluetooth */;
			targetProxy = 7C54F6C02A9486D00059774D /* PBXContainerItemProxy */;
		};
		7C54F6CB2A9486D00059774D /* PBXTargetDependency */ = {
			isa = PBXTargetDependency;
			target = 7C54F6A82A9486CE0059774D /* bluetooth */;
			targetProxy = 7C54F6CA2A9486D00059774D /* PBXContainerItemProxy */;
		};
/* End PBXTargetDependency section */

/* Begin PBXVariantGroup section */
		7C54F6B22A9486CE0059774D /* Main.storyboard */ = {
			isa = PBXVariantGroup;
			children = (
				7C54F6B32A9486CE0059774D /* Base */,
			);
			name = Main.storyboard;
			sourceTree = "<group>";
		};
		7C54F6B72A9486D00059774D /* LaunchScreen.storyboard */ = {
			isa = PBXVariantGroup;
			children = (
				7C54F6B82A9486D00059774D /* Base */,
			);
			name = LaunchScreen.storyboard;
			sourceTree = "<group>";
		};
/* End PBXVariantGroup section */

/* Begin XCBuildConfiguration section */
		7C54F6D12A9486D00059774D /* Debug */ = {
			isa = XCBuildConfiguration;
			buildSettings = {
				ALWAYS_SEARCH_USER_PATHS = NO;
				CLANG_ANALYZER_NONNULL = YES;
				CLANG_ANALYZER_NUMBER_OBJECT_CONVERSION = YES_AGGRESSIVE;
				CLANG_CXX_LANGUAGE_STANDARD = "gnu++20";
				CLANG_ENABLE_MODULES = YES;
				CLANG_ENABLE_OBJC_ARC = YES;
				CLANG_ENABLE_OBJC_WEAK = YES;
				CLANG_WARN_BLOCK_CAPTURE_AUTORELEASING = YES;
				CLANG_WARN_BOOL_CONVERSION = YES;
				CLANG_WARN_COMMA = YES;
				CLANG_WARN_CONSTANT_CONVERSION = YES;
				CLANG_WARN_DEPRECATED_OBJC_IMPLEMENTATIONS = YES;
				CLANG_WARN_DIRECT_OBJC_ISA_USAGE = YES_ERROR;
				CLANG_WARN_DOCUMENTATION_COMMENTS = YES;
				CLANG_WARN_EMPTY_BODY = YES;
				CLANG_WARN_ENUM_CONVERSION = YES;
				CLANG_WARN_INFINITE_RECURSION = YES;
				CLANG_WARN_INT_CONVERSION = YES;
				CLANG_WARN_NON_LITERAL_NULL_CONVERSION = YES;
				CLANG_WARN_OBJC_IMPLICIT_RETAIN_SELF = YES;
				CLANG_WARN_OBJC_LITERAL_CONVERSION = YES;
				CLANG_WARN_OBJC_ROOT_CLASS = YES_ERROR;
				CLANG_WARN_QUOTED_INCLUDE_IN_FRAMEWORK_HEADER = YES;
				CLANG_WARN_RANGE_LOOP_ANALYSIS = YES;
				CLANG_WARN_STRICT_PROTOTYPES = YES;
				CLANG_WARN_SUSPICIOUS_MOVE = YES;
				CLANG_WARN_UNGUARDED_AVAILABILITY = YES_AGGRESSIVE;
				CLANG_WARN_UNREACHABLE_CODE = YES;
				CLANG_WARN__DUPLICATE_METHOD_MATCH = YES;
				COPY_PHASE_STRIP = NO;
				DEBUG_INFORMATION_FORMAT = dwarf;
				ENABLE_STRICT_OBJC_MSGSEND = YES;
				ENABLE_TESTABILITY = YES;
				GCC_C_LANGUAGE_STANDARD = gnu11;
				GCC_DYNAMIC_NO_PIC = NO;
				GCC_NO_COMMON_BLOCKS = YES;
				GCC_OPTIMIZATION_LEVEL = 0;
				GCC_PREPROCESSOR_DEFINITIONS = (
					"DEBUG=1",
					"$(inherited)",
				);
				GCC_WARN_64_TO_32_BIT_CONVERSION = YES;
				GCC_WARN_ABOUT_RETURN_TYPE = YES_ERROR;
				GCC_WARN_UNDECLARED_SELECTOR = YES;
				GCC_WARN_UNINITIALIZED_AUTOS = YES_AGGRESSIVE;
				GCC_WARN_UNUSED_FUNCTION = YES;
				GCC_WARN_UNUSED_VARIABLE = YES;
				IPHONEOS_DEPLOYMENT_TARGET = 16.4;
				MTL_ENABLE_DEBUG_INFO = INCLUDE_SOURCE;
				MTL_FAST_MATH = YES;
				ONLY_ACTIVE_ARCH = YES;
				SDKROOT = iphoneos;
				SWIFT_ACTIVE_COMPILATION_CONDITIONS = DEBUG;
				SWIFT_OPTIMIZATION_LEVEL = "-Onone";
			};
			name = Debug;
		};
		7C54F6D22A9486D00059774D /* Release */ = {
			isa = XCBuildConfiguration;
			buildSettings = {
				ALWAYS_SEARCH_USER_PATHS = NO;
				CLANG_ANALYZER_NONNULL = YES;
				CLANG_ANALYZER_NUMBER_OBJECT_CONVERSION = YES_AGGRESSIVE;
				CLANG_CXX_LANGUAGE_STANDARD = "gnu++20";
				CLANG_ENABLE_MODULES = YES;
				CLANG_ENABLE_OBJC_ARC = YES;
				CLANG_ENABLE_OBJC_WEAK = YES;
				CLANG_WARN_BLOCK_CAPTURE_AUTORELEASING = YES;
				CLANG_WARN_BOOL_CONVERSION = YES;
				CLANG_WARN_COMMA = YES;
				CLANG_WARN_CONSTANT_CONVERSION = YES;
				CLANG_WARN_DEPRECATED_OBJC_IMPLEMENTATIONS = YES;
				CLANG_WARN_DIRECT_OBJC_ISA_USAGE = YES_ERROR;
				CLANG_WARN_DOCUMENTATION_COMMENTS = YES;
				CLANG_WARN_EMPTY_BODY = YES;
				CLANG_WARN_ENUM_CONVERSION = YES;
				CLANG_WARN_INFINITE_RECURSION = YES;
				CLANG_WARN_INT_CONVERSION = YES;
				CLANG_WARN_NON_LITERAL_NULL_CONVERSION = YES;
				CLANG_WARN_OBJC_IMPLICIT_RETAIN_SELF = YES;
				CLANG_WARN_OBJC_LITERAL_CONVERSION = YES;
				CLANG_WARN_OBJC_ROOT_CLASS = YES_ERROR;
				CLANG_WARN_QUOTED_INCLUDE_IN_FRAMEWORK_HEADER = YES;
				CLANG_WARN_RANGE_LOOP_ANALYSIS = YES;
				CLANG_WARN_STRICT_PROTOTYPES = YES;
				CLANG_WARN_SUSPICIOUS_MOVE = YES;
				CLANG_WARN_UNGUARDED_AVAILABILITY = YES_AGGRESSIVE;
				CLANG_WARN_UNREACHABLE_CODE = YES;
				CLANG_WARN__DUPLICATE_METHOD_MATCH = YES;
				COPY_PHASE_STRIP = NO;
				DEBUG_INFORMATION_FORMAT = "dwarf-with-dsym";
				ENABLE_NS_ASSERTIONS = NO;
				ENABLE_STRICT_OBJC_MSGSEND = YES;
				GCC_C_LANGUAGE_STANDARD = gnu11;
				GCC_NO_COMMON_BLOCKS = YES;
				GCC_WARN_64_TO_32_BIT_CONVERSION = YES;
				GCC_WARN_ABOUT_RETURN_TYPE = YES_ERROR;
				GCC_WARN_UNDECLARED_SELECTOR = YES;
				GCC_WARN_UNINITIALIZED_AUTOS = YES_AGGRESSIVE;
				GCC_WARN_UNUSED_FUNCTION = YES;
				GCC_WARN_UNUSED_VARIABLE = YES;
				IPHONEOS_DEPLOYMENT_TARGET = 16.4;
				MTL_ENABLE_DEBUG_INFO = NO;
				MTL_FAST_MATH = YES;
				SDKROOT = iphoneos;
				SWIFT_COMPILATION_MODE = wholemodule;
				SWIFT_OPTIMIZATION_LEVEL = "-O";
				VALIDATE_PRODUCT = YES;
			};
			name = Release;
		};
		7C54F6D42A9486D00059774D /* Debug */ = {
			isa = XCBuildConfiguration;
			buildSettings = {
				ASSETCATALOG_COMPILER_APPICON_NAME = AppIcon;
				ASSETCATALOG_COMPILER_GLOBAL_ACCENT_COLOR_NAME = AccentColor;
				CODE_SIGN_STYLE = Automatic;
				CURRENT_PROJECT_VERSION = 1;
				DEVELOPMENT_TEAM = S8FBP4YLUA;
				GENERATE_INFOPLIST_FILE = YES;
				INFOPLIST_FILE = bluetooth/Info.plist;
				INFOPLIST_KEY_UIApplicationSupportsIndirectInputEvents = YES;
				INFOPLIST_KEY_UILaunchStoryboardName = LaunchScreen;
				INFOPLIST_KEY_UIMainStoryboardFile = Main;
				INFOPLIST_KEY_UISupportedInterfaceOrientations_iPad = "UIInterfaceOrientationPortrait UIInterfaceOrientationPortraitUpsideDown UIInterfaceOrientationLandscapeLeft UIInterfaceOrientationLandscapeRight";
				INFOPLIST_KEY_UISupportedInterfaceOrientations_iPhone = "UIInterfaceOrientationPortrait UIInterfaceOrientationLandscapeLeft UIInterfaceOrientationLandscapeRight";
				LD_RUNPATH_SEARCH_PATHS = (
					"$(inherited)",
					"@executable_path/Frameworks",
				);
				MARKETING_VERSION = 1.0;
				PRODUCT_BUNDLE_IDENTIFIER = com.mitjj.bluetooth;
				PRODUCT_NAME = "$(TARGET_NAME)";
				SWIFT_EMIT_LOC_STRINGS = YES;
				SWIFT_VERSION = 5.0;
				TARGETED_DEVICE_FAMILY = "1,2";
			};
			name = Debug;
		};
		7C54F6D52A9486D00059774D /* Release */ = {
			isa = XCBuildConfiguration;
			buildSettings = {
				ASSETCATALOG_COMPILER_APPICON_NAME = AppIcon;
				ASSETCATALOG_COMPILER_GLOBAL_ACCENT_COLOR_NAME = AccentColor;
				CODE_SIGN_STYLE = Automatic;
				CURRENT_PROJECT_VERSION = 1;
				DEVELOPMENT_TEAM = S8FBP4YLUA;
				GENERATE_INFOPLIST_FILE = YES;
				INFOPLIST_FILE = bluetooth/Info.plist;
				INFOPLIST_KEY_UIApplicationSupportsIndirectInputEvents = YES;
				INFOPLIST_KEY_UILaunchStoryboardName = LaunchScreen;
				INFOPLIST_KEY_UIMainStoryboardFile = Main;
				INFOPLIST_KEY_UISupportedInterfaceOrientations_iPad = "UIInterfaceOrientationPortrait UIInterfaceOrientationPortraitUpsideDown UIInterfaceOrientationLandscapeLeft UIInterfaceOrientationLandscapeRight";
				INFOPLIST_KEY_UISupportedInterfaceOrientations_iPhone = "UIInterfaceOrientationPortrait UIInterfaceOrientationLandscapeLeft UIInterfaceOrientationLandscapeRight";
				LD_RUNPATH_SEARCH_PATHS = (
					"$(inherited)",
					"@executable_path/Frameworks",
				);
				MARKETING_VERSION = 1.0;
				PRODUCT_BUNDLE_IDENTIFIER = com.mitjj.bluetooth;
				PRODUCT_NAME = "$(TARGET_NAME)";
				SWIFT_EMIT_LOC_STRINGS = YES;
				SWIFT_VERSION = 5.0;
				TARGETED_DEVICE_FAMILY = "1,2";
			};
			name = Release;
		};
		7C54F6D72A9486D00059774D /* Debug */ = {
			isa = XCBuildConfiguration;
			buildSettings = {
				ALWAYS_EMBED_SWIFT_STANDARD_LIBRARIES = YES;
				BUNDLE_LOADER = "$(TEST_HOST)";
				CODE_SIGN_STYLE = Automatic;
				CURRENT_PROJECT_VERSION = 1;
				DEVELOPMENT_TEAM = S8FBP4YLUA;
				GENERATE_INFOPLIST_FILE = YES;
				IPHONEOS_DEPLOYMENT_TARGET = 16.4;
				MARKETING_VERSION = 1.0;
				PRODUCT_BUNDLE_IDENTIFIER = com.mitjj.bluetoothTests;
				PRODUCT_NAME = "$(TARGET_NAME)";
				SWIFT_EMIT_LOC_STRINGS = NO;
				SWIFT_VERSION = 5.0;
				TARGETED_DEVICE_FAMILY = "1,2";
				TEST_HOST = "$(BUILT_PRODUCTS_DIR)/bluetooth.app/$(BUNDLE_EXECUTABLE_FOLDER_PATH)/bluetooth";
			};
			name = Debug;
		};
		7C54F6D82A9486D00059774D /* Release */ = {
			isa = XCBuildConfiguration;
			buildSettings = {
				ALWAYS_EMBED_SWIFT_STANDARD_LIBRARIES = YES;
				BUNDLE_LOADER = "$(TEST_HOST)";
				CODE_SIGN_STYLE = Automatic;
				CURRENT_PROJECT_VERSION = 1;
				DEVELOPMENT_TEAM = S8FBP4YLUA;
				GENERATE_INFOPLIST_FILE = YES;
				IPHONEOS_DEPLOYMENT_TARGET = 16.4;
				MARKETING_VERSION = 1.0;
				PRODUCT_BUNDLE_IDENTIFIER = com.mitjj.bluetoothTests;
				PRODUCT_NAME = "$(TARGET_NAME)";
				SWIFT_EMIT_LOC_STRINGS = NO;
				SWIFT_VERSION = 5.0;
				TARGETED_DEVICE_FAMILY = "1,2";
				TEST_HOST = "$(BUILT_PRODUCTS_DIR)/bluetooth.app/$(BUNDLE_EXECUTABLE_FOLDER_PATH)/bluetooth";
			};
			name = Release;
		};
		7C54F6DA2A9486D00059774D /* Debug */ = {
			isa = XCBuildConfiguration;
			buildSettings = {
				ALWAYS_EMBED_SWIFT_STANDARD_LIBRARIES = YES;
				CODE_SIGN_STYLE = Automatic;
				CURRENT_PROJECT_VERSION = 1;
				DEVELOPMENT_TEAM = S8FBP4YLUA;
				GENERATE_INFOPLIST_FILE = YES;
				MARKETING_VERSION = 1.0;
				PRODUCT_BUNDLE_IDENTIFIER = com.mitjj.bluetoothUITests;
				PRODUCT_NAME = "$(TARGET_NAME)";
				SWIFT_EMIT_LOC_STRINGS = NO;
				SWIFT_VERSION = 5.0;
				TARGETED_DEVICE_FAMILY = "1,2";
				TEST_TARGET_NAME = bluetooth;
			};
			name = Debug;
		};
		7C54F6DB2A9486D00059774D /* Release */ = {
			isa = XCBuildConfiguration;
			buildSettings = {
				ALWAYS_EMBED_SWIFT_STANDARD_LIBRARIES = YES;
				CODE_SIGN_STYLE = Automatic;
				CURRENT_PROJECT_VERSION = 1;
				DEVELOPMENT_TEAM = S8FBP4YLUA;
				GENERATE_INFOPLIST_FILE = YES;
				MARKETING_VERSION = 1.0;
				PRODUCT_BUNDLE_IDENTIFIER = com.mitjj.bluetoothUITests;
				PRODUCT_NAME = "$(TARGET_NAME)";
				SWIFT_EMIT_LOC_STRINGS = NO;
				SWIFT_VERSION = 5.0;
				TARGETED_DEVICE_FAMILY = "1,2";
				TEST_TARGET_NAME = bluetooth;
			};
			name = Release;
		};
/* End XCBuildConfiguration section */

/* Begin XCConfigurationList section */
		7C54F6A42A9486CE0059774D /* Build configuration list for PBXProject "bluetooth" */ = {
			isa = XCConfigurationList;
			buildConfigurations = (
				7C54F6D12A9486D00059774D /* Debug */,
				7C54F6D22A9486D00059774D /* Release */,
			);
			defaultConfigurationIsVisible = 0;
			defaultConfigurationName = Release;
		};
		7C54F6D32A9486D00059774D /* Build configuration list for PBXNativeTarget "bluetooth" */ = {
			isa = XCConfigurationList;
			buildConfigurations = (
				7C54F6D42A9486D00059774D /* Debug */,
				7C54F6D52A9486D00059774D /* Release */,
			);
			defaultConfigurationIsVisible = 0;
			defaultConfigurationName = Release;
		};
		7C54F6D62A9486D00059774D /* Build configuration list for PBXNativeTarget "bluetoothTests" */ = {
			isa = XCConfigurationList;
			buildConfigurations = (
				7C54F6D72A9486D00059774D /* Debug */,
				7C54F6D82A9486D00059774D /* Release */,
			);
			defaultConfigurationIsVisible = 0;
			defaultConfigurationName = Release;
		};
		7C54F6D92A9486D00059774D /* Build configuration list for PBXNativeTarget "bluetoothUITests" */ = {
			isa = XCConfigurationList;
			buildConfigurations = (
				7C54F6DA2A9486D00059774D /* Debug */,
				7C54F6DB2A9486D00059774D /* Release */,
			);
			defaultConfigurationIsVisible = 0;
			defaultConfigurationName = Release;
		};
/* End XCConfigurationList section */
	};
	rootObject = 7C54F6A12A9486CE0059774D /* Project object */;
}
